
Microsoft Visual Studio Solution File, Format Version 12.00
# Visual Studio Version 17
VisualStudioVersion = 17.10.35013.160
MinimumVisualStudioVersion = 10.0.40219.1
Project("{9A19103F-16F7-4668-BE54-9A1E7A4F7556}") = "TodoApi", "TodoApi.csproj", "{C34BEA62-942B-4FB3-876B-6243CADCBC74}"
EndProject
Project("{9A19103F-16F7-4668-BE54-9A1E7A4F7556}") = "TodoClient", "..\TodoClient\TodoClient.csproj", "{25480261-1975-4D91-9B97-619C4152815B}"
EndProject
Project("{FAE04EC0-301F-11D3-BF4B-00C04F79EFBC}") = "TodoApi.Tests", "..\TodoApi.Tests\TodoApi.Tests.csproj", "{431A3850-AEBF-4E03-8BF4-9F3E6D3156D9}"
EndProject
Global
	GlobalSection(SolutionConfigurationPlatforms) = preSolution
		Debug|Any CPU = Debug|Any CPU
		Release|Any CPU = Release|Any CPU
	EndGlobalSection
	GlobalSection(ProjectConfigurationPlatforms) = postSolution
		{C34BEA62-942B-4FB3-876B-6243CADCBC74}.Debug|Any CPU.ActiveCfg = Debug|Any CPU
		{C34BEA62-942B-4FB3-876B-6243CADCBC74}.Debug|Any CPU.Build.0 = Debug|Any CPU
		{C34BEA62-942B-4FB3-876B-6243CADCBC74}.Release|Any CPU.ActiveCfg = Release|Any CPU
		{C34BEA62-942B-4FB3-876B-6243CADCBC74}.Release|Any CPU.Build.0 = Release|Any CPU
		{25480261-1975-4D91-9B97-619C4152815B}.Debug|Any CPU.ActiveCfg = Debug|Any CPU
		{25480261-1975-4D91-9B97-619C4152815B}.Debug|Any CPU.Build.0 = Debug|Any CPU
		{25480261-1975-4D91-9B97-619C4152815B}.Release|Any CPU.ActiveCfg = Release|Any CPU
		{25480261-1975-4D91-9B97-619C4152815B}.Release|Any CPU.Build.0 = Release|Any CPU
		{431A3850-AEBF-4E03-8BF4-9F3E6D3156D9}.Debug|Any CPU.ActiveCfg = Debug|Any CPU
		{431A3850-AEBF-4E03-8BF4-9F3E6D3156D9}.Debug|Any CPU.Build.0 = Debug|Any CPU
		{431A3850-AEBF-4E03-8BF4-9F3E6D3156D9}.Release|Any CPU.ActiveCfg = Release|Any CPU
		{431A3850-AEBF-4E03-8BF4-9F3E6D3156D9}.Release|Any CPU.Build.0 = Release|Any CPU
	EndGlobalSection
	GlobalSection(SolutionProperties) = preSolution
		HideSolutionNode = FALSE
	EndGlobalSection
	GlobalSection(ExtensibilityGlobals) = postSolution
		SolutionGuid = {1BBFF0A2-2BB8-42D5-BCA7-CAEA62D9872D}
	EndGlobalSection
EndGlobal
